# This file is automatically @generated by Cargo.
# It is not intended for manual editing.
version = 3

[[package]]
name = "ex-10"
version = "0.1.0"

[[package]]
name = "ex-9-area-of-rectangle"
version = "0.1.0"

[[package]]
name = "restaurant"
version = "0.1.0"

[[package]]
name = "rust-book"
version = "0.1.0"
